
Microsoft Visual Studio Solution File, Format Version 11.00
# Visual Studio 2010
Project("{FAE04EC0-301F-11D3-BF4B-00C04F79EFBC}") = "SpeedTracerMVC.Web", "SpeedTracerMVC.Web\SpeedTracerMVC.Web.csproj", "{9DBBA25E-19A6-46CB-8015-D731EF517669}"
EndProject
Project("{FAE04EC0-301F-11D3-BF4B-00C04F79EFBC}") = "SpeedTracer", "SpeedTracer\SpeedTracer.csproj", "{834BE902-FC43-49B7-A752-4C2D53701E02}"
EndProject
Global
	GlobalSection(SolutionConfigurationPlatforms) = preSolution
		Debug|Any CPU = Debug|Any CPU
		Release|Any CPU = Release|Any CPU
	EndGlobalSection
	GlobalSection(ProjectConfigurationPlatforms) = postSolution
		{9DBBA25E-19A6-46CB-8015-D731EF517669}.Debug|Any CPU.ActiveCfg = Debug|Any CPU
		{9DBBA25E-19A6-46CB-8015-D731EF517669}.Debug|Any CPU.Build.0 = Debug|Any CPU
		{9DBBA25E-19A6-46CB-8015-D731EF517669}.Release|Any CPU.ActiveCfg = Release|Any CPU
		{9DBBA25E-19A6-46CB-8015-D731EF517669}.Release|Any CPU.Build.0 = Release|Any CPU
		{834BE902-FC43-49B7-A752-4C2D53701E02}.Debug|Any CPU.ActiveCfg = Debug|Any CPU
		{834BE902-FC43-49B7-A752-4C2D53701E02}.Debug|Any CPU.Build.0 = Debug|Any CPU
		{834BE902-FC43-49B7-A752-4C2D53701E02}.Release|Any CPU.ActiveCfg = Release|Any CPU
		{834BE902-FC43-49B7-A752-4C2D53701E02}.Release|Any CPU.Build.0 = Release|Any CPU
	EndGlobalSection
	GlobalSection(SolutionProperties) = preSolution
		HideSolutionNode = FALSE
	EndGlobalSection
EndGlobal
